
Microsoft Visual Studio Solution File, Format Version 12.00
# Visual Studio 15
VisualStudioVersion = 15.0.27703.2047
MinimumVisualStudioVersion = 10.0.40219.1
Project("{8BC9CEB8-8B4A-11D0-8D11-00A0C91BC942}") = "Fallout Equestria Text Adventure", "Fallout Equestria Text Adventure\Fallout Equestria Text Adventure.vcxproj", "{057B2416-14FE-415B-8B7E-BB14C9F58EE9}"
EndProject
Global
	GlobalSection(SolutionConfigurationPlatforms) = preSolution
		Debug|x64 = Debug|x64
		Debug|x86 = Debug|x86
		Release|x64 = Release|x64
		Release|x86 = Release|x86
	EndGlobalSection
	GlobalSection(ProjectConfigurationPlatforms) = postSolution
		{057B2416-14FE-415B-8B7E-BB14C9F58EE9}.Debug|x64.ActiveCfg = Debug|x64
		{057B2416-14FE-415B-8B7E-BB14C9F58EE9}.Debug|x64.Build.0 = Debug|x64
		{057B2416-14FE-415B-8B7E-BB14C9F58EE9}.Debug|x86.ActiveCfg = Debug|Win32
		{057B2416-14FE-415B-8B7E-BB14C9F58EE9}.Debug|x86.Build.0 = Debug|Win32
		{057B2416-14FE-415B-8B7E-BB14C9F58EE9}.Release|x64.ActiveCfg = Release|x64
		{057B2416-14FE-415B-8B7E-BB14C9F58EE9}.Release|x64.Build.0 = Release|x64
		{057B2416-14FE-415B-8B7E-BB14C9F58EE9}.Release|x86.ActiveCfg = Release|Win32
		{057B2416-14FE-415B-8B7E-BB14C9F58EE9}.Release|x86.Build.0 = Release|Win32
	EndGlobalSection
	GlobalSection(SolutionProperties) = preSolution
		HideSolutionNode = FALSE
	EndGlobalSection
	GlobalSection(ExtensibilityGlobals) = postSolution
		SolutionGuid = {21106938-E146-4E55-9D42-14CFAE66652A}
	EndGlobalSection
EndGlobal
